// !$*UTF8*$!
{
	archiveVersion = 1;
	classes = {
	};
	objectVersion = 56;
	objects = {

/* Begin PBXBuildFile section */
		FD0275012B98147C00C63941 /* LandmarkList.swift in Sources */ = {isa = PBXBuildFile; fileRef = FD0275002B98147C00C63941 /* LandmarkList.swift */; };
		FD0275032B9816DF00C63941 /* LandmarkDetail.swift in Sources */ = {isa = PBXBuildFile; fileRef = FD0275022B9816DF00C63941 /* LandmarkDetail.swift */; };
		FD0FB70B2B9807D2002AAF3D /* LandmarkRow.swift in Sources */ = {isa = PBXBuildFile; fileRef = FD0FB70A2B9807D2002AAF3D /* LandmarkRow.swift */; };
		FD346A9F2B97D88400754FC8 /* TutorialApp.swift in Sources */ = {isa = PBXBuildFile; fileRef = FD346A9E2B97D88400754FC8 /* TutorialApp.swift */; };
		FD346AA12B97D88400754FC8 /* ContentView.swift in Sources */ = {isa = PBXBuildFile; fileRef = FD346AA02B97D88400754FC8 /* ContentView.swift */; };
		FD346AA32B97D88800754FC8 /* Assets.xcassets in Resources */ = {isa = PBXBuildFile; fileRef = FD346AA22B97D88800754FC8 /* Assets.xcassets */; };
		FD346AA62B97D88800754FC8 /* Preview Assets.xcassets in Resources */ = {isa = PBXBuildFile; fileRef = FD346AA52B97D88800754FC8 /* Preview Assets.xcassets */; };
		FD346AB02B97D88800754FC8 /* TutorialTests.swift in Sources */ = {isa = PBXBuildFile; fileRef = FD346AAF2B97D88800754FC8 /* TutorialTests.swift */; };
		FD346ABA2B97D88800754FC8 /* TutorialUITests.swift in Sources */ = {isa = PBXBuildFile; fileRef = FD346AB92B97D88800754FC8 /* TutorialUITests.swift */; };
		FD346ABC2B97D88800754FC8 /* TutorialUITestsLaunchTests.swift in Sources */ = {isa = PBXBuildFile; fileRef = FD346ABB2B97D88800754FC8 /* TutorialUITestsLaunchTests.swift */; };
		FD7788AA2B9998BE007B46AE /* ProfileEditor.swift in Sources */ = {isa = PBXBuildFile; fileRef = FD7788A92B9998BE007B46AE /* ProfileEditor.swift */; };
		FD8D1AEA2B9981DE0011D91E /* Profile.swift in Sources */ = {isa = PBXBuildFile; fileRef = FD8D1AE92B9981DE0011D91E /* Profile.swift */; };
		FD8D1AED2B9985710011D91E /* ProfileHost.swift in Sources */ = {isa = PBXBuildFile; fileRef = FD8D1AEC2B9985710011D91E /* ProfileHost.swift */; };
		FD8D1AEF2B9987090011D91E /* ProfileSummary.swift in Sources */ = {isa = PBXBuildFile; fileRef = FD8D1AEE2B9987090011D91E /* ProfileSummary.swift */; };
		FD8D1AF12B998A3D0011D91E /* HikeBadge.swift in Sources */ = {isa = PBXBuildFile; fileRef = FD8D1AF02B998A3D0011D91E /* HikeBadge.swift */; };
		FD9457072B994C99005E11AE /* CategoryHome.swift in Sources */ = {isa = PBXBuildFile; fileRef = FD9457062B994C99005E11AE /* CategoryHome.swift */; };
		FD9457092B995773005E11AE /* CategoryRow.swift in Sources */ = {isa = PBXBuildFile; fileRef = FD9457082B995773005E11AE /* CategoryRow.swift */; };
		FD94570B2B995B1D005E11AE /* CategoryItem.swift in Sources */ = {isa = PBXBuildFile; fileRef = FD94570A2B995B1D005E11AE /* CategoryItem.swift */; };
		FDA0CF932B97E2AD008A49C8 /* CircleImage.swift in Sources */ = {isa = PBXBuildFile; fileRef = FDA0CF922B97E2AD008A49C8 /* CircleImage.swift */; };
		FDA0CF952B97E3F4008A49C8 /* MapView.swift in Sources */ = {isa = PBXBuildFile; fileRef = FDA0CF942B97E3F4008A49C8 /* MapView.swift */; };
		FDA0CF972B97F507008A49C8 /* landmarkData.json in Resources */ = {isa = PBXBuildFile; fileRef = FDA0CF962B97F507008A49C8 /* landmarkData.json */; };
		FDA0CF992B97F525008A49C8 /* Landmark.swift in Sources */ = {isa = PBXBuildFile; fileRef = FDA0CF982B97F525008A49C8 /* Landmark.swift */; };
		FDA0CF9B2B97F89E008A49C8 /* ModelData.swift in Sources */ = {isa = PBXBuildFile; fileRef = FDA0CF9A2B97F89E008A49C8 /* ModelData.swift */; };
		FDDF61192B98FCEE007126B6 /* FavoriteButton.swift in Sources */ = {isa = PBXBuildFile; fileRef = FDDF61182B98FCEE007126B6 /* FavoriteButton.swift */; };
		FDFA4C2F2B990CB0001FD0ED /* HexagonParameters.swift in Sources */ = {isa = PBXBuildFile; fileRef = FDFA4C2E2B990CAF001FD0ED /* HexagonParameters.swift */; };
		FDFBB37F2B990E12009CB320 /* BadgetBackground.swift in Sources */ = {isa = PBXBuildFile; fileRef = FDFBB37E2B990E12009CB320 /* BadgetBackground.swift */; };
		FDFBB3812B99134B009CB320 /* BadgeSymbol.swift in Sources */ = {isa = PBXBuildFile; fileRef = FDFBB3802B99134B009CB320 /* BadgeSymbol.swift */; };
		FDFBB3832B9917C4009CB320 /* RotatedBadgeSymbol.swift in Sources */ = {isa = PBXBuildFile; fileRef = FDFBB3822B9917C4009CB320 /* RotatedBadgeSymbol.swift */; };
		FDFBB3852B991949009CB320 /* Badge.swift in Sources */ = {isa = PBXBuildFile; fileRef = FDFBB3842B991949009CB320 /* Badge.swift */; };
		FDFBB3882B991C85009CB320 /* hikeData.json in Resources */ = {isa = PBXBuildFile; fileRef = FDFBB3872B991C85009CB320 /* hikeData.json */; };
		FDFBB38A2B991CD5009CB320 /* Hike.swift in Sources */ = {isa = PBXBuildFile; fileRef = FDFBB3892B991CD5009CB320 /* Hike.swift */; };
		FDFBB3902B991F85009CB320 /* GraphCapsule.swift in Sources */ = {isa = PBXBuildFile; fileRef = FDFBB38C2B991F85009CB320 /* GraphCapsule.swift */; };
		FDFBB3912B991F85009CB320 /* HikeGraph.swift in Sources */ = {isa = PBXBuildFile; fileRef = FDFBB38D2B991F85009CB320 /* HikeGraph.swift */; };
		FDFBB3922B991F85009CB320 /* HikeDetail.swift in Sources */ = {isa = PBXBuildFile; fileRef = FDFBB38E2B991F85009CB320 /* HikeDetail.swift */; };
		FDFBB3952B9920E7009CB320 /* HikeView.swift in Sources */ = {isa = PBXBuildFile; fileRef = FDFBB3942B9920E7009CB320 /* HikeView.swift */; };
/* End PBXBuildFile section */

/* Begin PBXContainerItemProxy section */
		FD346AAC2B97D88800754FC8 /* PBXContainerItemProxy */ = {
			isa = PBXContainerItemProxy;
			containerPortal = FD346A932B97D88400754FC8 /* Project object */;
			proxyType = 1;
			remoteGlobalIDString = FD346A9A2B97D88400754FC8;
			remoteInfo = Tutorial;
		};
		FD346AB62B97D88800754FC8 /* PBXContainerItemProxy */ = {
			isa = PBXContainerItemProxy;
			containerPortal = FD346A932B97D88400754FC8 /* Project object */;
			proxyType = 1;
			remoteGlobalIDString = FD346A9A2B97D88400754FC8;
			remoteInfo = Tutorial;
		};
/* End PBXContainerItemProxy section */

/* Begin PBXFileReference section */
		FD0275002B98147C00C63941 /* LandmarkList.swift */ = {isa = PBXFileReference; lastKnownFileType = sourcecode.swift; path = LandmarkList.swift; sourceTree = "<group>"; };
		FD0275022B9816DF00C63941 /* LandmarkDetail.swift */ = {isa = PBXFileReference; lastKnownFileType = sourcecode.swift; path = LandmarkDetail.swift; sourceTree = "<group>"; };
		FD0FB70A2B9807D2002AAF3D /* LandmarkRow.swift */ = {isa = PBXFileReference; lastKnownFileType = sourcecode.swift; name = LandmarkRow.swift; path = Tutorial/Views/LandmarkRow.swift; sourceTree = SOURCE_ROOT; };
		FD346A9B2B97D88400754FC8 /* Tutorial.app */ = {isa = PBXFileReference; explicitFileType = wrapper.application; includeInIndex = 0; path = Tutorial.app; sourceTree = BUILT_PRODUCTS_DIR; };
		FD346A9E2B97D88400754FC8 /* TutorialApp.swift */ = {isa = PBXFileReference; lastKnownFileType = sourcecode.swift; path = TutorialApp.swift; sourceTree = "<group>"; };
		FD346AA02B97D88400754FC8 /* ContentView.swift */ = {isa = PBXFileReference; lastKnownFileType = sourcecode.swift; path = ContentView.swift; sourceTree = "<group>"; };
		FD346AA22B97D88800754FC8 /* Assets.xcassets */ = {isa = PBXFileReference; lastKnownFileType = folder.assetcatalog; path = Assets.xcassets; sourceTree = "<group>"; };
		FD346AA52B97D88800754FC8 /* Preview Assets.xcassets */ = {isa = PBXFileReference; lastKnownFileType = folder.assetcatalog; path = "Preview Assets.xcassets"; sourceTree = "<group>"; };
		FD346AAB2B97D88800754FC8 /* TutorialTests.xctest */ = {isa = PBXFileReference; explicitFileType = wrapper.cfbundle; includeInIndex = 0; path = TutorialTests.xctest; sourceTree = BUILT_PRODUCTS_DIR; };
		FD346AAF2B97D88800754FC8 /* TutorialTests.swift */ = {isa = PBXFileReference; lastKnownFileType = sourcecode.swift; path = TutorialTests.swift; sourceTree = "<group>"; };
		FD346AB52B97D88800754FC8 /* TutorialUITests.xctest */ = {isa = PBXFileReference; explicitFileType = wrapper.cfbundle; includeInIndex = 0; path = TutorialUITests.xctest; sourceTree = BUILT_PRODUCTS_DIR; };
		FD346AB92B97D88800754FC8 /* TutorialUITests.swift */ = {isa = PBXFileReference; lastKnownFileType = sourcecode.swift; path = TutorialUITests.swift; sourceTree = "<group>"; };
		FD346ABB2B97D88800754FC8 /* TutorialUITestsLaunchTests.swift */ = {isa = PBXFileReference; lastKnownFileType = sourcecode.swift; path = TutorialUITestsLaunchTests.swift; sourceTree = "<group>"; };
		FD7788A92B9998BE007B46AE /* ProfileEditor.swift */ = {isa = PBXFileReference; lastKnownFileType = sourcecode.swift; path = ProfileEditor.swift; sourceTree = "<group>"; };
		FD8D1AE92B9981DE0011D91E /* Profile.swift */ = {isa = PBXFileReference; lastKnownFileType = sourcecode.swift; path = Profile.swift; sourceTree = "<group>"; };
		FD8D1AEC2B9985710011D91E /* ProfileHost.swift */ = {isa = PBXFileReference; lastKnownFileType = sourcecode.swift; path = ProfileHost.swift; sourceTree = "<group>"; };
		FD8D1AEE2B9987090011D91E /* ProfileSummary.swift */ = {isa = PBXFileReference; lastKnownFileType = sourcecode.swift; path = ProfileSummary.swift; sourceTree = "<group>"; };
		FD8D1AF02B998A3D0011D91E /* HikeBadge.swift */ = {isa = PBXFileReference; lastKnownFileType = sourcecode.swift; path = HikeBadge.swift; sourceTree = "<group>"; };
		FD9457062B994C99005E11AE /* CategoryHome.swift */ = {isa = PBXFileReference; lastKnownFileType = sourcecode.swift; path = CategoryHome.swift; sourceTree = "<group>"; };
		FD9457082B995773005E11AE /* CategoryRow.swift */ = {isa = PBXFileReference; lastKnownFileType = sourcecode.swift; path = CategoryRow.swift; sourceTree = "<group>"; };
		FD94570A2B995B1D005E11AE /* CategoryItem.swift */ = {isa = PBXFileReference; lastKnownFileType = sourcecode.swift; path = CategoryItem.swift; sourceTree = "<group>"; };
		FDA0CF922B97E2AD008A49C8 /* CircleImage.swift */ = {isa = PBXFileReference; lastKnownFileType = sourcecode.swift; path = CircleImage.swift; sourceTree = "<group>"; };
		FDA0CF942B97E3F4008A49C8 /* MapView.swift */ = {isa = PBXFileReference; lastKnownFileType = sourcecode.swift; path = MapView.swift; sourceTree = "<group>"; };
		FDA0CF962B97F507008A49C8 /* landmarkData.json */ = {isa = PBXFileReference; fileEncoding = 4; lastKnownFileType = text.json; path = landmarkData.json; sourceTree = "<group>"; };
		FDA0CF982B97F525008A49C8 /* Landmark.swift */ = {isa = PBXFileReference; lastKnownFileType = sourcecode.swift; path = Landmark.swift; sourceTree = "<group>"; };
		FDA0CF9A2B97F89E008A49C8 /* ModelData.swift */ = {isa = PBXFileReference; lastKnownFileType = sourcecode.swift; path = ModelData.swift; sourceTree = "<group>"; };
		FDDF61182B98FCEE007126B6 /* FavoriteButton.swift */ = {isa = PBXFileReference; lastKnownFileType = sourcecode.swift; path = FavoriteButton.swift; sourceTree = "<group>"; };
		FDFA4C2E2B990CAF001FD0ED /* HexagonParameters.swift */ = {isa = PBXFileReference; lastKnownFileType = sourcecode.swift; path = HexagonParameters.swift; sourceTree = "<group>"; };
		FDFBB37E2B990E12009CB320 /* BadgetBackground.swift */ = {isa = PBXFileReference; lastKnownFileType = sourcecode.swift; path = BadgetBackground.swift; sourceTree = "<group>"; };
		FDFBB3802B99134B009CB320 /* BadgeSymbol.swift */ = {isa = PBXFileReference; lastKnownFileType = sourcecode.swift; path = BadgeSymbol.swift; sourceTree = "<group>"; };
		FDFBB3822B9917C4009CB320 /* RotatedBadgeSymbol.swift */ = {isa = PBXFileReference; lastKnownFileType = sourcecode.swift; path = RotatedBadgeSymbol.swift; sourceTree = "<group>"; };
		FDFBB3842B991949009CB320 /* Badge.swift */ = {isa = PBXFileReference; lastKnownFileType = sourcecode.swift; path = Badge.swift; sourceTree = "<group>"; };
		FDFBB3872B991C85009CB320 /* hikeData.json */ = {isa = PBXFileReference; fileEncoding = 4; lastKnownFileType = text.json; path = hikeData.json; sourceTree = "<group>"; };
		FDFBB3892B991CD5009CB320 /* Hike.swift */ = {isa = PBXFileReference; lastKnownFileType = sourcecode.swift; path = Hike.swift; sourceTree = "<group>"; };
		FDFBB38C2B991F85009CB320 /* GraphCapsule.swift */ = {isa = PBXFileReference; fileEncoding = 4; lastKnownFileType = sourcecode.swift; path = GraphCapsule.swift; sourceTree = "<group>"; };
		FDFBB38D2B991F85009CB320 /* HikeGraph.swift */ = {isa = PBXFileReference; fileEncoding = 4; lastKnownFileType = sourcecode.swift; path = HikeGraph.swift; sourceTree = "<group>"; };
		FDFBB38E2B991F85009CB320 /* HikeDetail.swift */ = {isa = PBXFileReference; fileEncoding = 4; lastKnownFileType = sourcecode.swift; path = HikeDetail.swift; sourceTree = "<group>"; };
		FDFBB3942B9920E7009CB320 /* HikeView.swift */ = {isa = PBXFileReference; lastKnownFileType = sourcecode.swift; path = HikeView.swift; sourceTree = "<group>"; };
/* End PBXFileReference section */

/* Begin PBXFrameworksBuildPhase section */
		FD346A982B97D88400754FC8 /* Frameworks */ = {
			isa = PBXFrameworksBuildPhase;
			buildActionMask = 2147483647;
			files = (
			);
			runOnlyForDeploymentPostprocessing = 0;
		};
		FD346AA82B97D88800754FC8 /* Frameworks */ = {
			isa = PBXFrameworksBuildPhase;
			buildActionMask = 2147483647;
			files = (
			);
			runOnlyForDeploymentPostprocessing = 0;
		};
		FD346AB22B97D88800754FC8 /* Frameworks */ = {
			isa = PBXFrameworksBuildPhase;
			buildActionMask = 2147483647;
			files = (
			);
			runOnlyForDeploymentPostprocessing = 0;
		};
/* End PBXFrameworksBuildPhase section */

/* Begin PBXGroup section */
		FD0FB7052B98030B002AAF3D /* Views */ = {
			isa = PBXGroup;
			children = (
				FD9457052B994C77005E11AE /* Categories */,
				FDFBB38B2B991F85009CB320 /* Hikes */,
				FD346AA02B97D88400754FC8 /* ContentView.swift */,
				FD0275002B98147C00C63941 /* LandmarkList.swift */,
				FD0275022B9816DF00C63941 /* LandmarkDetail.swift */,
			);
			path = Views;
			sourceTree = "<group>";
		};
		FD0FB7062B98036C002AAF3D /* Model */ = {
			isa = PBXGroup;
			children = (
				FD0FB70A2B9807D2002AAF3D /* LandmarkRow.swift */,
				FDA0CF982B97F525008A49C8 /* Landmark.swift */,
				FDA0CF9A2B97F89E008A49C8 /* ModelData.swift */,
			);
			path = Model;
			sourceTree = "<group>";
		};
		FD0FB7072B980393002AAF3D /* Resources */ = {
			isa = PBXGroup;
			children = (
				FDFBB3872B991C85009CB320 /* hikeData.json */,
				FDA0CF962B97F507008A49C8 /* landmarkData.json */,
			);
			path = Resources;
			sourceTree = "<group>";
		};
		FD346A922B97D88400754FC8 = {
			isa = PBXGroup;
			children = (
				FD346A9D2B97D88400754FC8 /* Tutorial */,
				FD346AAE2B97D88800754FC8 /* TutorialTests */,
				FD346AB82B97D88800754FC8 /* TutorialUITests */,
				FD346A9C2B97D88400754FC8 /* Products */,
			);
			sourceTree = "<group>";
		};
		FD346A9C2B97D88400754FC8 /* Products */ = {
			isa = PBXGroup;
			children = (
				FD346A9B2B97D88400754FC8 /* Tutorial.app */,
				FD346AAB2B97D88800754FC8 /* TutorialTests.xctest */,
				FD346AB52B97D88800754FC8 /* TutorialUITests.xctest */,
			);
			name = Products;
			sourceTree = "<group>";
		};
		FD346A9D2B97D88400754FC8 /* Tutorial */ = {
			isa = PBXGroup;
			children = (
				FD8D1AEB2B99853B0011D91E /* Profiles */,
				FDFBB3862B991B71009CB320 /* Badges */,
				FDDF611A2B98FED2007126B6 /* Helper */,
				FD0FB7072B980393002AAF3D /* Resources */,
				FD0FB7062B98036C002AAF3D /* Model */,
				FD0FB7052B98030B002AAF3D /* Views */,
				FD346A9E2B97D88400754FC8 /* TutorialApp.swift */,
				FD346AA22B97D88800754FC8 /* Assets.xcassets */,
				FD346AA42B97D88800754FC8 /* Preview Content */,
			);
			path = Tutorial;
			sourceTree = "<group>";
		};
		FD346AA42B97D88800754FC8 /* Preview Content */ = {
			isa = PBXGroup;
			children = (
				FD346AA52B97D88800754FC8 /* Preview Assets.xcassets */,
			);
			path = "Preview Content";
			sourceTree = "<group>";
		};
		FD346AAE2B97D88800754FC8 /* TutorialTests */ = {
			isa = PBXGroup;
			children = (
				FD346AAF2B97D88800754FC8 /* TutorialTests.swift */,
			);
			path = TutorialTests;
			sourceTree = "<group>";
		};
		FD346AB82B97D88800754FC8 /* TutorialUITests */ = {
			isa = PBXGroup;
			children = (
				FD346AB92B97D88800754FC8 /* TutorialUITests.swift */,
				FD346ABB2B97D88800754FC8 /* TutorialUITestsLaunchTests.swift */,
			);
			path = TutorialUITests;
			sourceTree = "<group>";
		};
		FD8D1AEB2B99853B0011D91E /* Profiles */ = {
			isa = PBXGroup;
			children = (
				FD8D1AE92B9981DE0011D91E /* Profile.swift */,
				FD8D1AEC2B9985710011D91E /* ProfileHost.swift */,
				FD8D1AEE2B9987090011D91E /* ProfileSummary.swift */,
				FD7788A92B9998BE007B46AE /* ProfileEditor.swift */,
			);
			path = Profiles;
			sourceTree = "<group>";
		};
		FD9457052B994C77005E11AE /* Categories */ = {
			isa = PBXGroup;
			children = (
				FD9457062B994C99005E11AE /* CategoryHome.swift */,
				FD9457082B995773005E11AE /* CategoryRow.swift */,
				FD94570A2B995B1D005E11AE /* CategoryItem.swift */,
			);
			path = Categories;
			sourceTree = "<group>";
		};
		FDDF611A2B98FED2007126B6 /* Helper */ = {
			isa = PBXGroup;
			children = (
				FDDF61182B98FCEE007126B6 /* FavoriteButton.swift */,
				FDA0CF942B97E3F4008A49C8 /* MapView.swift */,
				FDA0CF922B97E2AD008A49C8 /* CircleImage.swift */,
			);
			path = Helper;
			sourceTree = "<group>";
		};
		FDFBB3862B991B71009CB320 /* Badges */ = {
			isa = PBXGroup;
			children = (
				FDFA4C2E2B990CAF001FD0ED /* HexagonParameters.swift */,
				FDFBB37E2B990E12009CB320 /* BadgetBackground.swift */,
				FDFBB3802B99134B009CB320 /* BadgeSymbol.swift */,
				FDFBB3822B9917C4009CB320 /* RotatedBadgeSymbol.swift */,
				FDFBB3842B991949009CB320 /* Badge.swift */,
			);
			path = Badges;
			sourceTree = "<group>";
		};
		FDFBB38B2B991F85009CB320 /* Hikes */ = {
			isa = PBXGroup;
			children = (
				FDFBB3892B991CD5009CB320 /* Hike.swift */,
				FDFBB38C2B991F85009CB320 /* GraphCapsule.swift */,
				FDFBB38D2B991F85009CB320 /* HikeGraph.swift */,
				FDFBB38E2B991F85009CB320 /* HikeDetail.swift */,
				FDFBB3942B9920E7009CB320 /* HikeView.swift */,
				FD8D1AF02B998A3D0011D91E /* HikeBadge.swift */,
			);
			path = Hikes;
			sourceTree = "<group>";
		};
/* End PBXGroup section */

/* Begin PBXNativeTarget section */
		FD346A9A2B97D88400754FC8 /* Tutorial */ = {
			isa = PBXNativeTarget;
			buildConfigurationList = FD346ABF2B97D88800754FC8 /* Build configuration list for PBXNativeTarget "Tutorial" */;
			buildPhases = (
				FD346A972B97D88400754FC8 /* Sources */,
				FD346A982B97D88400754FC8 /* Frameworks */,
				FD346A992B97D88400754FC8 /* Resources */,
			);
			buildRules = (
			);
			dependencies = (
			);
			name = Tutorial;
			productName = Tutorial;
			productReference = FD346A9B2B97D88400754FC8 /* Tutorial.app */;
			productType = "com.apple.product-type.application";
		};
		FD346AAA2B97D88800754FC8 /* TutorialTests */ = {
			isa = PBXNativeTarget;
			buildConfigurationList = FD346AC22B97D88800754FC8 /* Build configuration list for PBXNativeTarget "TutorialTests" */;
			buildPhases = (
				FD346AA72B97D88800754FC8 /* Sources */,
				FD346AA82B97D88800754FC8 /* Frameworks */,
				FD346AA92B97D88800754FC8 /* Resources */,
			);
			buildRules = (
			);
			dependencies = (
				FD346AAD2B97D88800754FC8 /* PBXTargetDependency */,
			);
			name = TutorialTests;
			productName = TutorialTests;
			productReference = FD346AAB2B97D88800754FC8 /* TutorialTests.xctest */;
			productType = "com.apple.product-type.bundle.unit-test";
		};
		FD346AB42B97D88800754FC8 /* TutorialUITests */ = {
			isa = PBXNativeTarget;
			buildConfigurationList = FD346AC52B97D88800754FC8 /* Build configuration list for PBXNativeTarget "TutorialUITests" */;
			buildPhases = (
				FD346AB12B97D88800754FC8 /* Sources */,
				FD346AB22B97D88800754FC8 /* Frameworks */,
				FD346AB32B97D88800754FC8 /* Resources */,
			);
			buildRules = (
			);
			dependencies = (
				FD346AB72B97D88800754FC8 /* PBXTargetDependency */,
			);
			name = TutorialUITests;
			productName = TutorialUITests;
			productReference = FD346AB52B97D88800754FC8 /* TutorialUITests.xctest */;
			productType = "com.apple.product-type.bundle.ui-testing";
		};
/* End PBXNativeTarget section */

/* Begin PBXProject section */
		FD346A932B97D88400754FC8 /* Project object */ = {
			isa = PBXProject;
			attributes = {
				BuildIndependentTargetsInParallel = 1;
				LastSwiftUpdateCheck = 1420;
				LastUpgradeCheck = 1420;
				TargetAttributes = {
					FD346A9A2B97D88400754FC8 = {
						CreatedOnToolsVersion = 14.2;
					};
					FD346AAA2B97D88800754FC8 = {
						CreatedOnToolsVersion = 14.2;
						TestTargetID = FD346A9A2B97D88400754FC8;
					};
					FD346AB42B97D88800754FC8 = {
						CreatedOnToolsVersion = 14.2;
						TestTargetID = FD346A9A2B97D88400754FC8;
					};
				};
			};
			buildConfigurationList = FD346A962B97D88400754FC8 /* Build configuration list for PBXProject "Tutorial" */;
			compatibilityVersion = "Xcode 14.0";
			developmentRegion = en;
			hasScannedForEncodings = 0;
			knownRegions = (
				en,
				Base,
			);
			mainGroup = FD346A922B97D88400754FC8;
			productRefGroup = FD346A9C2B97D88400754FC8 /* Products */;
			projectDirPath = "";
			projectRoot = "";
			targets = (
				FD346A9A2B97D88400754FC8 /* Tutorial */,
				FD346AAA2B97D88800754FC8 /* TutorialTests */,
				FD346AB42B97D88800754FC8 /* TutorialUITests */,
			);
		};
/* End PBXProject section */

/* Begin PBXResourcesBuildPhase section */
		FD346A992B97D88400754FC8 /* Resources */ = {
			isa = PBXResourcesBuildPhase;
			buildActionMask = 2147483647;
			files = (
				FDFBB3882B991C85009CB320 /* hikeData.json in Resources */,
				FD346AA62B97D88800754FC8 /* Preview Assets.xcassets in Resources */,
				FD346AA32B97D88800754FC8 /* Assets.xcassets in Resources */,
				FDA0CF972B97F507008A49C8 /* landmarkData.json in Resources */,
			);
			runOnlyForDeploymentPostprocessing = 0;
		};
		FD346AA92B97D88800754FC8 /* Resources */ = {
			isa = PBXResourcesBuildPhase;
			buildActionMask = 2147483647;
			files = (
			);
			runOnlyForDeploymentPostprocessing = 0;
		};
		FD346AB32B97D88800754FC8 /* Resources */ = {
			isa = PBXResourcesBuildPhase;
			buildActionMask = 2147483647;
			files = (
			);
			runOnlyForDeploymentPostprocessing = 0;
		};
/* End PBXResourcesBuildPhase section */

/* Begin PBXSourcesBuildPhase section */
		FD346A972B97D88400754FC8 /* Sources */ = {
			isa = PBXSourcesBuildPhase;
			buildActionMask = 2147483647;
			files = (
				FD9457092B995773005E11AE /* CategoryRow.swift in Sources */,
				FD8D1AEA2B9981DE0011D91E /* Profile.swift in Sources */,
				FD346AA12B97D88400754FC8 /* ContentView.swift in Sources */,
				FD9457072B994C99005E11AE /* CategoryHome.swift in Sources */,
				FDFBB3912B991F85009CB320 /* HikeGraph.swift in Sources */,
				FDFBB3852B991949009CB320 /* Badge.swift in Sources */,
				FDA0CF952B97E3F4008A49C8 /* MapView.swift in Sources */,
				FDFBB3902B991F85009CB320 /* GraphCapsule.swift in Sources */,
				FD346A9F2B97D88400754FC8 /* TutorialApp.swift in Sources */,
				FDDF61192B98FCEE007126B6 /* FavoriteButton.swift in Sources */,
				FD94570B2B995B1D005E11AE /* CategoryItem.swift in Sources */,
				FDFBB3922B991F85009CB320 /* HikeDetail.swift in Sources */,
				FD8D1AEF2B9987090011D91E /* ProfileSummary.swift in Sources */,
				FDFA4C2F2B990CB0001FD0ED /* HexagonParameters.swift in Sources */,
				FD8D1AED2B9985710011D91E /* ProfileHost.swift in Sources */,
				FDFBB38A2B991CD5009CB320 /* Hike.swift in Sources */,
				FDFBB3832B9917C4009CB320 /* RotatedBadgeSymbol.swift in Sources */,
				FDFBB3812B99134B009CB320 /* BadgeSymbol.swift in Sources */,
				FD7788AA2B9998BE007B46AE /* ProfileEditor.swift in Sources */,
				FD0275012B98147C00C63941 /* LandmarkList.swift in Sources */,
				FDFBB3952B9920E7009CB320 /* HikeView.swift in Sources */,
				FD0275032B9816DF00C63941 /* LandmarkDetail.swift in Sources */,
				FDA0CF932B97E2AD008A49C8 /* CircleImage.swift in Sources */,
				FD8D1AF12B998A3D0011D91E /* HikeBadge.swift in Sources */,
				FDFBB37F2B990E12009CB320 /* BadgetBackground.swift in Sources */,
				FDA0CF992B97F525008A49C8 /* Landmark.swift in Sources */,
				FD0FB70B2B9807D2002AAF3D /* LandmarkRow.swift in Sources */,
				FDA0CF9B2B97F89E008A49C8 /* ModelData.swift in Sources */,
			);
			runOnlyForDeploymentPostprocessing = 0;
		};
		FD346AA72B97D88800754FC8 /* Sources */ = {
			isa = PBXSourcesBuildPhase;
			buildActionMask = 2147483647;
			files = (
				FD346AB02B97D88800754FC8 /* TutorialTests.swift in Sources */,
			);
			runOnlyForDeploymentPostprocessing = 0;
		};
		FD346AB12B97D88800754FC8 /* Sources */ = {
			isa = PBXSourcesBuildPhase;
			buildActionMask = 2147483647;
			files = (
				FD346ABC2B97D88800754FC8 /* TutorialUITestsLaunchTests.swift in Sources */,
				FD346ABA2B97D88800754FC8 /* TutorialUITests.swift in Sources */,
			);
			runOnlyForDeploymentPostprocessing = 0;
		};
/* End PBXSourcesBuildPhase section */

/* Begin PBXTargetDependency section */
		FD346AAD2B97D88800754FC8 /* PBXTargetDependency */ = {
			isa = PBXTargetDependency;
			target = FD346A9A2B97D88400754FC8 /* Tutorial */;
			targetProxy = FD346AAC2B97D88800754FC8 /* PBXContainerItemProxy */;
		};
		FD346AB72B97D88800754FC8 /* PBXTargetDependency */ = {
			isa = PBXTargetDependency;
			target = FD346A9A2B97D88400754FC8 /* Tutorial */;
			targetProxy = FD346AB62B97D88800754FC8 /* PBXContainerItemProxy */;
		};
/* End PBXTargetDependency section */

/* Begin XCBuildConfiguration section */
		FD346ABD2B97D88800754FC8 /* Debug */ = {
			isa = XCBuildConfiguration;
			buildSettings = {
				ALWAYS_SEARCH_USER_PATHS = NO;
				CLANG_ANALYZER_NONNULL = YES;
				CLANG_ANALYZER_NUMBER_OBJECT_CONVERSION = YES_AGGRESSIVE;
				CLANG_CXX_LANGUAGE_STANDARD = "gnu++20";
				CLANG_ENABLE_MODULES = YES;
				CLANG_ENABLE_OBJC_ARC = YES;
				CLANG_ENABLE_OBJC_WEAK = YES;
				CLANG_WARN_BLOCK_CAPTURE_AUTORELEASING = YES;
				CLANG_WARN_BOOL_CONVERSION = YES;
				CLANG_WARN_COMMA = YES;
				CLANG_WARN_CONSTANT_CONVERSION = YES;
				CLANG_WARN_DEPRECATED_OBJC_IMPLEMENTATIONS = YES;
				CLANG_WARN_DIRECT_OBJC_ISA_USAGE = YES_ERROR;
				CLANG_WARN_DOCUMENTATION_COMMENTS = YES;
				CLANG_WARN_EMPTY_BODY = YES;
				CLANG_WARN_ENUM_CONVERSION = YES;
				CLANG_WARN_INFINITE_RECURSION = YES;
				CLANG_WARN_INT_CONVERSION = YES;
				CLANG_WARN_NON_LITERAL_NULL_CONVERSION = YES;
				CLANG_WARN_OBJC_IMPLICIT_RETAIN_SELF = YES;
				CLANG_WARN_OBJC_LITERAL_CONVERSION = YES;
				CLANG_WARN_OBJC_ROOT_CLASS = YES_ERROR;
				CLANG_WARN_QUOTED_INCLUDE_IN_FRAMEWORK_HEADER = YES;
				CLANG_WARN_RANGE_LOOP_ANALYSIS = YES;
				CLANG_WARN_STRICT_PROTOTYPES = YES;
				CLANG_WARN_SUSPICIOUS_MOVE = YES;
				CLANG_WARN_UNGUARDED_AVAILABILITY = YES_AGGRESSIVE;
				CLANG_WARN_UNREACHABLE_CODE = YES;
				CLANG_WARN__DUPLICATE_METHOD_MATCH = YES;
				COPY_PHASE_STRIP = NO;
				DEBUG_INFORMATION_FORMAT = dwarf;
				ENABLE_STRICT_OBJC_MSGSEND = YES;
				ENABLE_TESTABILITY = YES;
				GCC_C_LANGUAGE_STANDARD = gnu11;
				GCC_DYNAMIC_NO_PIC = NO;
				GCC_NO_COMMON_BLOCKS = YES;
				GCC_OPTIMIZATION_LEVEL = 0;
				GCC_PREPROCESSOR_DEFINITIONS = (
					"DEBUG=1",
					"$(inherited)",
				);
				GCC_WARN_64_TO_32_BIT_CONVERSION = YES;
				GCC_WARN_ABOUT_RETURN_TYPE = YES_ERROR;
				GCC_WARN_UNDECLARED_SELECTOR = YES;
				GCC_WARN_UNINITIALIZED_AUTOS = YES_AGGRESSIVE;
				GCC_WARN_UNUSED_FUNCTION = YES;
				GCC_WARN_UNUSED_VARIABLE = YES;
				IPHONEOS_DEPLOYMENT_TARGET = 16.2;
				MTL_ENABLE_DEBUG_INFO = INCLUDE_SOURCE;
				MTL_FAST_MATH = YES;
				ONLY_ACTIVE_ARCH = YES;
				SDKROOT = iphoneos;
				SWIFT_ACTIVE_COMPILATION_CONDITIONS = DEBUG;
				SWIFT_OPTIMIZATION_LEVEL = "-Onone";
			};
			name = Debug;
		};
		FD346ABE2B97D88800754FC8 /* Release */ = {
			isa = XCBuildConfiguration;
			buildSettings = {
				ALWAYS_SEARCH_USER_PATHS = NO;
				CLANG_ANALYZER_NONNULL = YES;
				CLANG_ANALYZER_NUMBER_OBJECT_CONVERSION = YES_AGGRESSIVE;
				CLANG_CXX_LANGUAGE_STANDARD = "gnu++20";
				CLANG_ENABLE_MODULES = YES;
				CLANG_ENABLE_OBJC_ARC = YES;
				CLANG_ENABLE_OBJC_WEAK = YES;
				CLANG_WARN_BLOCK_CAPTURE_AUTORELEASING = YES;
				CLANG_WARN_BOOL_CONVERSION = YES;
				CLANG_WARN_COMMA = YES;
				CLANG_WARN_CONSTANT_CONVERSION = YES;
				CLANG_WARN_DEPRECATED_OBJC_IMPLEMENTATIONS = YES;
				CLANG_WARN_DIRECT_OBJC_ISA_USAGE = YES_ERROR;
				CLANG_WARN_DOCUMENTATION_COMMENTS = YES;
				CLANG_WARN_EMPTY_BODY = YES;
				CLANG_WARN_ENUM_CONVERSION = YES;
				CLANG_WARN_INFINITE_RECURSION = YES;
				CLANG_WARN_INT_CONVERSION = YES;
				CLANG_WARN_NON_LITERAL_NULL_CONVERSION = YES;
				CLANG_WARN_OBJC_IMPLICIT_RETAIN_SELF = YES;
				CLANG_WARN_OBJC_LITERAL_CONVERSION = YES;
				CLANG_WARN_OBJC_ROOT_CLASS = YES_ERROR;
				CLANG_WARN_QUOTED_INCLUDE_IN_FRAMEWORK_HEADER = YES;
				CLANG_WARN_RANGE_LOOP_ANALYSIS = YES;
				CLANG_WARN_STRICT_PROTOTYPES = YES;
				CLANG_WARN_SUSPICIOUS_MOVE = YES;
				CLANG_WARN_UNGUARDED_AVAILABILITY = YES_AGGRESSIVE;
				CLANG_WARN_UNREACHABLE_CODE = YES;
				CLANG_WARN__DUPLICATE_METHOD_MATCH = YES;
				COPY_PHASE_STRIP = NO;
				DEBUG_INFORMATION_FORMAT = "dwarf-with-dsym";
				ENABLE_NS_ASSERTIONS = NO;
				ENABLE_STRICT_OBJC_MSGSEND = YES;
				GCC_C_LANGUAGE_STANDARD = gnu11;
				GCC_NO_COMMON_BLOCKS = YES;
				GCC_WARN_64_TO_32_BIT_CONVERSION = YES;
				GCC_WARN_ABOUT_RETURN_TYPE = YES_ERROR;
				GCC_WARN_UNDECLARED_SELECTOR = YES;
				GCC_WARN_UNINITIALIZED_AUTOS = YES_AGGRESSIVE;
				GCC_WARN_UNUSED_FUNCTION = YES;
				GCC_WARN_UNUSED_VARIABLE = YES;
				IPHONEOS_DEPLOYMENT_TARGET = 16.2;
				MTL_ENABLE_DEBUG_INFO = NO;
				MTL_FAST_MATH = YES;
				SDKROOT = iphoneos;
				SWIFT_COMPILATION_MODE = wholemodule;
				SWIFT_OPTIMIZATION_LEVEL = "-O";
				VALIDATE_PRODUCT = YES;
			};
			name = Release;
		};
		FD346AC02B97D88800754FC8 /* Debug */ = {
			isa = XCBuildConfiguration;
			buildSettings = {
				ASSETCATALOG_COMPILER_APPICON_NAME = AppIcon;
				ASSETCATALOG_COMPILER_GLOBAL_ACCENT_COLOR_NAME = AccentColor;
				CODE_SIGN_STYLE = Automatic;
				CURRENT_PROJECT_VERSION = 1;
				DEVELOPMENT_ASSET_PATHS = "\"Tutorial/Preview Content\"";
				ENABLE_PREVIEWS = YES;
				GENERATE_INFOPLIST_FILE = YES;
				INFOPLIST_KEY_UIApplicationSceneManifest_Generation = YES;
				INFOPLIST_KEY_UIApplicationSupportsIndirectInputEvents = YES;
				INFOPLIST_KEY_UILaunchScreen_Generation = YES;
				INFOPLIST_KEY_UISupportedInterfaceOrientations_iPad = "UIInterfaceOrientationPortrait UIInterfaceOrientationPortraitUpsideDown UIInterfaceOrientationLandscapeLeft UIInterfaceOrientationLandscapeRight";
				INFOPLIST_KEY_UISupportedInterfaceOrientations_iPhone = "UIInterfaceOrientationPortrait UIInterfaceOrientationLandscapeLeft UIInterfaceOrientationLandscapeRight";
				LD_RUNPATH_SEARCH_PATHS = (
					"$(inherited)",
					"@executable_path/Frameworks",
				);
				MARKETING_VERSION = 1.0;
				PRODUCT_BUNDLE_IDENTIFIER = "Josafath-Team.Tutorial";
				PRODUCT_NAME = "$(TARGET_NAME)";
				SWIFT_EMIT_LOC_STRINGS = YES;
				SWIFT_VERSION = 5.0;
				TARGETED_DEVICE_FAMILY = "1,2";
			};
			name = Debug;
		};
		FD346AC12B97D88800754FC8 /* Release */ = {
			isa = XCBuildConfiguration;
			buildSettings = {
				ASSETCATALOG_COMPILER_APPICON_NAME = AppIcon;
				ASSETCATALOG_COMPILER_GLOBAL_ACCENT_COLOR_NAME = AccentColor;
				CODE_SIGN_STYLE = Automatic;
				CURRENT_PROJECT_VERSION = 1;
				DEVELOPMENT_ASSET_PATHS = "\"Tutorial/Preview Content\"";
				ENABLE_PREVIEWS = YES;
				GENERATE_INFOPLIST_FILE = YES;
				INFOPLIST_KEY_UIApplicationSceneManifest_Generation = YES;
				INFOPLIST_KEY_UIApplicationSupportsIndirectInputEvents = YES;
				INFOPLIST_KEY_UILaunchScreen_Generation = YES;
				INFOPLIST_KEY_UISupportedInterfaceOrientations_iPad = "UIInterfaceOrientationPortrait UIInterfaceOrientationPortraitUpsideDown UIInterfaceOrientationLandscapeLeft UIInterfaceOrientationLandscapeRight";
				INFOPLIST_KEY_UISupportedInterfaceOrientations_iPhone = "UIInterfaceOrientationPortrait UIInterfaceOrientationLandscapeLeft UIInterfaceOrientationLandscapeRight";
				LD_RUNPATH_SEARCH_PATHS = (
					"$(inherited)",
					"@executable_path/Frameworks",
				);
				MARKETING_VERSION = 1.0;
				PRODUCT_BUNDLE_IDENTIFIER = "Josafath-Team.Tutorial";
				PRODUCT_NAME = "$(TARGET_NAME)";
				SWIFT_EMIT_LOC_STRINGS = YES;
				SWIFT_VERSION = 5.0;
				TARGETED_DEVICE_FAMILY = "1,2";
			};
			name = Release;
		};
		FD346AC32B97D88800754FC8 /* Debug */ = {
			isa = XCBuildConfiguration;
			buildSettings = {
				ALWAYS_EMBED_SWIFT_STANDARD_LIBRARIES = YES;
				BUNDLE_LOADER = "$(TEST_HOST)";
				CODE_SIGN_STYLE = Automatic;
				CURRENT_PROJECT_VERSION = 1;
				GENERATE_INFOPLIST_FILE = YES;
				IPHONEOS_DEPLOYMENT_TARGET = 16.2;
				MARKETING_VERSION = 1.0;
				PRODUCT_BUNDLE_IDENTIFIER = "Josafath-Team.TutorialTests";
				PRODUCT_NAME = "$(TARGET_NAME)";
				SWIFT_EMIT_LOC_STRINGS = NO;
				SWIFT_VERSION = 5.0;
				TARGETED_DEVICE_FAMILY = "1,2";
				TEST_HOST = "$(BUILT_PRODUCTS_DIR)/Tutorial.app/$(BUNDLE_EXECUTABLE_FOLDER_PATH)/Tutorial";
			};
			name = Debug;
		};
		FD346AC42B97D88800754FC8 /* Release */ = {
			isa = XCBuildConfiguration;
			buildSettings = {
				ALWAYS_EMBED_SWIFT_STANDARD_LIBRARIES = YES;
				BUNDLE_LOADER = "$(TEST_HOST)";
				CODE_SIGN_STYLE = Automatic;
				CURRENT_PROJECT_VERSION = 1;
				GENERATE_INFOPLIST_FILE = YES;
				IPHONEOS_DEPLOYMENT_TARGET = 16.2;
				MARKETING_VERSION = 1.0;
				PRODUCT_BUNDLE_IDENTIFIER = "Josafath-Team.TutorialTests";
				PRODUCT_NAME = "$(TARGET_NAME)";
				SWIFT_EMIT_LOC_STRINGS = NO;
				SWIFT_VERSION = 5.0;
				TARGETED_DEVICE_FAMILY = "1,2";
				TEST_HOST = "$(BUILT_PRODUCTS_DIR)/Tutorial.app/$(BUNDLE_EXECUTABLE_FOLDER_PATH)/Tutorial";
			};
			name = Release;
		};
		FD346AC62B97D88800754FC8 /* Debug */ = {
			isa = XCBuildConfiguration;
			buildSettings = {
				ALWAYS_EMBED_SWIFT_STANDARD_LIBRARIES = YES;
				CODE_SIGN_STYLE = Automatic;
				CURRENT_PROJECT_VERSION = 1;
				GENERATE_INFOPLIST_FILE = YES;
				MARKETING_VERSION = 1.0;
				PRODUCT_BUNDLE_IDENTIFIER = "Josafath-Team.TutorialUITests";
				PRODUCT_NAME = "$(TARGET_NAME)";
				SWIFT_EMIT_LOC_STRINGS = NO;
				SWIFT_VERSION = 5.0;
				TARGETED_DEVICE_FAMILY = "1,2";
				TEST_TARGET_NAME = Tutorial;
			};
			name = Debug;
		};
		FD346AC72B97D88800754FC8 /* Release */ = {
			isa = XCBuildConfiguration;
			buildSettings = {
				ALWAYS_EMBED_SWIFT_STANDARD_LIBRARIES = YES;
				CODE_SIGN_STYLE = Automatic;
				CURRENT_PROJECT_VERSION = 1;
				GENERATE_INFOPLIST_FILE = YES;
				MARKETING_VERSION = 1.0;
				PRODUCT_BUNDLE_IDENTIFIER = "Josafath-Team.TutorialUITests";
				PRODUCT_NAME = "$(TARGET_NAME)";
				SWIFT_EMIT_LOC_STRINGS = NO;
				SWIFT_VERSION = 5.0;
				TARGETED_DEVICE_FAMILY = "1,2";
				TEST_TARGET_NAME = Tutorial;
			};
			name = Release;
		};
/* End XCBuildConfiguration section */

/* Begin XCConfigurationList section */
		FD346A962B97D88400754FC8 /* Build configuration list for PBXProject "Tutorial" */ = {
			isa = XCConfigurationList;
			buildConfigurations = (
				FD346ABD2B97D88800754FC8 /* Debug */,
				FD346ABE2B97D88800754FC8 /* Release */,
			);
			defaultConfigurationIsVisible = 0;
			defaultConfigurationName = Release;
		};
		FD346ABF2B97D88800754FC8 /* Build configuration list for PBXNativeTarget "Tutorial" */ = {
			isa = XCConfigurationList;
			buildConfigurations = (
				FD346AC02B97D88800754FC8 /* Debug */,
				FD346AC12B97D88800754FC8 /* Release */,
			);
			defaultConfigurationIsVisible = 0;
			defaultConfigurationName = Release;
		};
		FD346AC22B97D88800754FC8 /* Build configuration list for PBXNativeTarget "TutorialTests" */ = {
			isa = XCConfigurationList;
			buildConfigurations = (
				FD346AC32B97D88800754FC8 /* Debug */,
				FD346AC42B97D88800754FC8 /* Release */,
			);
			defaultConfigurationIsVisible = 0;
			defaultConfigurationName = Release;
		};
		FD346AC52B97D88800754FC8 /* Build configuration list for PBXNativeTarget "TutorialUITests" */ = {
			isa = XCConfigurationList;
			buildConfigurations = (
				FD346AC62B97D88800754FC8 /* Debug */,
				FD346AC72B97D88800754FC8 /* Release */,
			);
			defaultConfigurationIsVisible = 0;
			defaultConfigurationName = Release;
		};
/* End XCConfigurationList section */
	};
	rootObject = FD346A932B97D88400754FC8 /* Project object */;
}
